
Microsoft Visual Studio Solution File, Format Version 12.00
# Visual Studio Version 17
VisualStudioVersion = 17.9.34622.214
MinimumVisualStudioVersion = 10.0.40219.1
Project("{8BC9CEB8-8B4A-11D0-8D11-00A0C91BC942}") = "2024_9_25", "2024_9_25.vcxproj", "{32D605B3-4122-4801-B89C-A16A7301ADA2}"
EndProject
Global
	GlobalSection(SolutionConfigurationPlatforms) = preSolution
		Debug|x64 = Debug|x64
		Debug|x86 = Debug|x86
		Release|x64 = Release|x64
		Release|x86 = Release|x86
	EndGlobalSection
	GlobalSection(ProjectConfigurationPlatforms) = postSolution
		{32D605B3-4122-4801-B89C-A16A7301ADA2}.Debug|x64.ActiveCfg = Debug|x64
		{32D605B3-4122-4801-B89C-A16A7301ADA2}.Debug|x64.Build.0 = Debug|x64
		{32D605B3-4122-4801-B89C-A16A7301ADA2}.Debug|x86.ActiveCfg = Debug|Win32
		{32D605B3-4122-4801-B89C-A16A7301ADA2}.Debug|x86.Build.0 = Debug|Win32
		{32D605B3-4122-4801-B89C-A16A7301ADA2}.Release|x64.ActiveCfg = Release|x64
		{32D605B3-4122-4801-B89C-A16A7301ADA2}.Release|x64.Build.0 = Release|x64
		{32D605B3-4122-4801-B89C-A16A7301ADA2}.Release|x86.ActiveCfg = Release|Win32
		{32D605B3-4122-4801-B89C-A16A7301ADA2}.Release|x86.Build.0 = Release|Win32
	EndGlobalSection
	GlobalSection(SolutionProperties) = preSolution
		HideSolutionNode = FALSE
	EndGlobalSection
	GlobalSection(ExtensibilityGlobals) = postSolution
		SolutionGuid = {1CAA6AA9-3E49-498A-AC48-8841FD65F3DA}
	EndGlobalSection
EndGlobal
